
Microsoft Visual Studio Solution File, Format Version 12.00
# Visual Studio Version 17
VisualStudioVersion = 17.0.31903.59
MinimumVisualStudioVersion = 10.0.40219.1
Project("{2150E333-8FDC-42A3-9474-1A3956D46DE8}") = "src", "src", "{827E0CD3-B72D-47B6-A68D-7590B98EB39B}"
EndProject
Project("{FAE04EC0-301F-11D3-BF4B-00C04F79EFBC}") = "FFXIVConfigManager.Application", "src\FFXIVConfigManager.Application\FFXIVConfigManager.Application.csproj", "{C196BB77-231D-4019-BC85-DAF1568F25B3}"
EndProject
Project("{FAE04EC0-301F-11D3-BF4B-00C04F79EFBC}") = "FFXIVConfigManager.Desktop", "src\FFXIVConfigManager.Desktop\FFXIVConfigManager.Desktop.csproj", "{33A227EA-1593-4ACC-99A1-283BE0655035}"
EndProject
Project("{FAE04EC0-301F-11D3-BF4B-00C04F79EFBC}") = "FFXIVConfigManager.Domain", "src\FFXIVConfigManager.Domain\FFXIVConfigManager.Domain.csproj", "{5F37F0C9-44F6-440B-AFC7-B2E5A43557E6}"
EndProject
Project("{FAE04EC0-301F-11D3-BF4B-00C04F79EFBC}") = "FFXIVConfigManager.Infrastructure", "src\FFXIVConfigManager.Infrastructure\FFXIVConfigManager.Infrastructure.csproj", "{D0781F99-0F20-481C-8191-ABFCD58C94DF}"
EndProject
Project("{FAE04EC0-301F-11D3-BF4B-00C04F79EFBC}") = "FFXIVConfigManager.Platform.Windows", "src\FFXIVConfigManager.Platform.Windows\FFXIVConfigManager.Platform.Windows.csproj", "{B05AB406-8B29-4B7D-8642-A0603121E1B3}"
EndProject
Project("{2150E333-8FDC-42A3-9474-1A3956D46DE8}") = "tests", "tests", "{0AB3BF05-4346-4AA6-1389-037BE0695223}"
EndProject
Project("{FAE04EC0-301F-11D3-BF4B-00C04F79EFBC}") = "FFXIVConfigManager.Application.Tests", "tests\FFXIVConfigManager.Application.Tests\FFXIVConfigManager.Application.Tests.csproj", "{D187F392-2E4E-468F-9E4D-9875B3AF1B51}"
EndProject
Project("{FAE04EC0-301F-11D3-BF4B-00C04F79EFBC}") = "FFXIVConfigManager.Domain.Tests", "tests\FFXIVConfigManager.Domain.Tests\FFXIVConfigManager.Domain.Tests.csproj", "{27469D9B-847F-4455-B376-760F5F232495}"
EndProject
Project("{FAE04EC0-301F-11D3-BF4B-00C04F79EFBC}") = "FFXIVConfigManager.IntegrationTests", "tests\FFXIVConfigManager.IntegrationTests\FFXIVConfigManager.IntegrationTests.csproj", "{113A9F54-08BE-45E1-8EE9-A2D93845EB47}"
EndProject
Global
	GlobalSection(SolutionConfigurationPlatforms) = preSolution
		Debug|Any CPU = Debug|Any CPU
		Debug|x64 = Debug|x64
		Debug|x86 = Debug|x86
		Release|Any CPU = Release|Any CPU
		Release|x64 = Release|x64
		Release|x86 = Release|x86
	EndGlobalSection
	GlobalSection(ProjectConfigurationPlatforms) = postSolution
		{C196BB77-231D-4019-BC85-DAF1568F25B3}.Debug|Any CPU.ActiveCfg = Debug|Any CPU
		{C196BB77-231D-4019-BC85-DAF1568F25B3}.Debug|Any CPU.Build.0 = Debug|Any CPU
		{C196BB77-231D-4019-BC85-DAF1568F25B3}.Debug|x64.ActiveCfg = Debug|Any CPU
		{C196BB77-231D-4019-BC85-DAF1568F25B3}.Debug|x64.Build.0 = Debug|Any CPU
		{C196BB77-231D-4019-BC85-DAF1568F25B3}.Debug|x86.ActiveCfg = Debug|Any CPU
		{C196BB77-231D-4019-BC85-DAF1568F25B3}.Debug|x86.Build.0 = Debug|Any CPU
		{C196BB77-231D-4019-BC85-DAF1568F25B3}.Release|Any CPU.ActiveCfg = Release|Any CPU
		{C196BB77-231D-4019-BC85-DAF1568F25B3}.Release|Any CPU.Build.0 = Release|Any CPU
		{C196BB77-231D-4019-BC85-DAF1568F25B3}.Release|x64.ActiveCfg = Release|Any CPU
		{C196BB77-231D-4019-BC85-DAF1568F25B3}.Release|x64.Build.0 = Release|Any CPU
		{C196BB77-231D-4019-BC85-DAF1568F25B3}.Release|x86.ActiveCfg = Release|Any CPU
		{C196BB77-231D-4019-BC85-DAF1568F25B3}.Release|x86.Build.0 = Release|Any CPU
		{33A227EA-1593-4ACC-99A1-283BE0655035}.Debug|Any CPU.ActiveCfg = Debug|Any CPU
		{33A227EA-1593-4ACC-99A1-283BE0655035}.Debug|Any CPU.Build.0 = Debug|Any CPU
		{33A227EA-1593-4ACC-99A1-283BE0655035}.Debug|x64.ActiveCfg = Debug|Any CPU
		{33A227EA-1593-4ACC-99A1-283BE0655035}.Debug|x64.Build.0 = Debug|Any CPU
		{33A227EA-1593-4ACC-99A1-283BE0655035}.Debug|x86.ActiveCfg = Debug|Any CPU
		{33A227EA-1593-4ACC-99A1-283BE0655035}.Debug|x86.Build.0 = Debug|Any CPU
		{33A227EA-1593-4ACC-99A1-283BE0655035}.Release|Any CPU.ActiveCfg = Release|Any CPU
		{33A227EA-1593-4ACC-99A1-283BE0655035}.Release|Any CPU.Build.0 = Release|Any CPU
		{33A227EA-1593-4ACC-99A1-283BE0655035}.Release|x64.ActiveCfg = Release|Any CPU
		{33A227EA-1593-4ACC-99A1-283BE0655035}.Release|x64.Build.0 = Release|Any CPU
		{33A227EA-1593-4ACC-99A1-283BE0655035}.Release|x86.ActiveCfg = Release|Any CPU
		{33A227EA-1593-4ACC-99A1-283BE0655035}.Release|x86.Build.0 = Release|Any CPU
		{5F37F0C9-44F6-440B-AFC7-B2E5A43557E6}.Debug|Any CPU.ActiveCfg = Debug|Any CPU
		{5F37F0C9-44F6-440B-AFC7-B2E5A43557E6}.Debug|Any CPU.Build.0 = Debug|Any CPU
		{5F37F0C9-44F6-440B-AFC7-B2E5A43557E6}.Debug|x64.ActiveCfg = Debug|Any CPU
		{5F37F0C9-44F6-440B-AFC7-B2E5A43557E6}.Debug|x64.Build.0 = Debug|Any CPU
		{5F37F0C9-44F6-440B-AFC7-B2E5A43557E6}.Debug|x86.ActiveCfg = Debug|Any CPU
		{5F37F0C9-44F6-440B-AFC7-B2E5A43557E6}.Debug|x86.Build.0 = Debug|Any CPU
		{5F37F0C9-44F6-440B-AFC7-B2E5A43557E6}.Release|Any CPU.ActiveCfg = Release|Any CPU
		{5F37F0C9-44F6-440B-AFC7-B2E5A43557E6}.Release|Any CPU.Build.0 = Release|Any CPU
		{5F37F0C9-44F6-440B-AFC7-B2E5A43557E6}.Release|x64.ActiveCfg = Release|Any CPU
		{5F37F0C9-44F6-440B-AFC7-B2E5A43557E6}.Release|x64.Build.0 = Release|Any CPU
		{5F37F0C9-44F6-440B-AFC7-B2E5A43557E6}.Release|x86.ActiveCfg = Release|Any CPU
		{5F37F0C9-44F6-440B-AFC7-B2E5A43557E6}.Release|x86.Build.0 = Release|Any CPU
		{D0781F99-0F20-481C-8191-ABFCD58C94DF}.Debug|Any CPU.ActiveCfg = Debug|Any CPU
		{D0781F99-0F20-481C-8191-ABFCD58C94DF}.Debug|Any CPU.Build.0 = Debug|Any CPU
		{D0781F99-0F20-481C-8191-ABFCD58C94DF}.Debug|x64.ActiveCfg = Debug|Any CPU
		{D0781F99-0F20-481C-8191-ABFCD58C94DF}.Debug|x64.Build.0 = Debug|Any CPU
		{D0781F99-0F20-481C-8191-ABFCD58C94DF}.Debug|x86.ActiveCfg = Debug|Any CPU
		{D0781F99-0F20-481C-8191-ABFCD58C94DF}.Debug|x86.Build.0 = Debug|Any CPU
		{D0781F99-0F20-481C-8191-ABFCD58C94DF}.Release|Any CPU.ActiveCfg = Release|Any CPU
		{D0781F99-0F20-481C-8191-ABFCD58C94DF}.Release|Any CPU.Build.0 = Release|Any CPU
		{D0781F99-0F20-481C-8191-ABFCD58C94DF}.Release|x64.ActiveCfg = Release|Any CPU
		{D0781F99-0F20-481C-8191-ABFCD58C94DF}.Release|x64.Build.0 = Release|Any CPU
		{D0781F99-0F20-481C-8191-ABFCD58C94DF}.Release|x86.ActiveCfg = Release|Any CPU
		{D0781F99-0F20-481C-8191-ABFCD58C94DF}.Release|x86.Build.0 = Release|Any CPU
		{B05AB406-8B29-4B7D-8642-A0603121E1B3}.Debug|Any CPU.ActiveCfg = Debug|Any CPU
		{B05AB406-8B29-4B7D-8642-A0603121E1B3}.Debug|Any CPU.Build.0 = Debug|Any CPU
		{B05AB406-8B29-4B7D-8642-A0603121E1B3}.Debug|x64.ActiveCfg = Debug|Any CPU
		{B05AB406-8B29-4B7D-8642-A0603121E1B3}.Debug|x64.Build.0 = Debug|Any CPU
		{B05AB406-8B29-4B7D-8642-A0603121E1B3}.Debug|x86.ActiveCfg = Debug|Any CPU
		{B05AB406-8B29-4B7D-8642-A0603121E1B3}.Debug|x86.Build.0 = Debug|Any CPU
		{B05AB406-8B29-4B7D-8642-A0603121E1B3}.Release|Any CPU.ActiveCfg = Release|Any CPU
		{B05AB406-8B29-4B7D-8642-A0603121E1B3}.Release|Any CPU.Build.0 = Release|Any CPU
		{B05AB406-8B29-4B7D-8642-A0603121E1B3}.Release|x64.ActiveCfg = Release|Any CPU
		{B05AB406-8B29-4B7D-8642-A0603121E1B3}.Release|x64.Build.0 = Release|Any CPU
		{B05AB406-8B29-4B7D-8642-A0603121E1B3}.Release|x86.ActiveCfg = Release|Any CPU
		{B05AB406-8B29-4B7D-8642-A0603121E1B3}.Release|x86.Build.0 = Release|Any CPU
		{D187F392-2E4E-468F-9E4D-9875B3AF1B51}.Debug|Any CPU.ActiveCfg = Debug|Any CPU
		{D187F392-2E4E-468F-9E4D-9875B3AF1B51}.Debug|Any CPU.Build.0 = Debug|Any CPU
		{D187F392-2E4E-468F-9E4D-9875B3AF1B51}.Debug|x64.ActiveCfg = Debug|Any CPU
		{D187F392-2E4E-468F-9E4D-9875B3AF1B51}.Debug|x64.Build.0 = Debug|Any CPU
		{D187F392-2E4E-468F-9E4D-9875B3AF1B51}.Debug|x86.ActiveCfg = Debug|Any CPU
		{D187F392-2E4E-468F-9E4D-9875B3AF1B51}.Debug|x86.Build.0 = Debug|Any CPU
		{D187F392-2E4E-468F-9E4D-9875B3AF1B51}.Release|Any CPU.ActiveCfg = Release|Any CPU
		{D187F392-2E4E-468F-9E4D-9875B3AF1B51}.Release|Any CPU.Build.0 = Release|Any CPU
		{D187F392-2E4E-468F-9E4D-9875B3AF1B51}.Release|x64.ActiveCfg = Release|Any CPU
		{D187F392-2E4E-468F-9E4D-9875B3AF1B51}.Release|x64.Build.0 = Release|Any CPU
		{D187F392-2E4E-468F-9E4D-9875B3AF1B51}.Release|x86.ActiveCfg = Release|Any CPU
		{D187F392-2E4E-468F-9E4D-9875B3AF1B51}.Release|x86.Build.0 = Release|Any CPU
		{27469D9B-847F-4455-B376-760F5F232495}.Debug|Any CPU.ActiveCfg = Debug|Any CPU
		{27469D9B-847F-4455-B376-760F5F232495}.Debug|Any CPU.Build.0 = Debug|Any CPU
		{27469D9B-847F-4455-B376-760F5F232495}.Debug|x64.ActiveCfg = Debug|Any CPU
		{27469D9B-847F-4455-B376-760F5F232495}.Debug|x64.Build.0 = Debug|Any CPU
		{27469D9B-847F-4455-B376-760F5F232495}.Debug|x86.ActiveCfg = Debug|Any CPU
		{27469D9B-847F-4455-B376-760F5F232495}.Debug|x86.Build.0 = Debug|Any CPU
		{27469D9B-847F-4455-B376-760F5F232495}.Release|Any CPU.ActiveCfg = Release|Any CPU
		{27469D9B-847F-4455-B376-760F5F232495}.Release|Any CPU.Build.0 = Release|Any CPU
		{27469D9B-847F-4455-B376-760F5F232495}.Release|x64.ActiveCfg = Release|Any CPU
		{27469D9B-847F-4455-B376-760F5F232495}.Release|x64.Build.0 = Release|Any CPU
		{27469D9B-847F-4455-B376-760F5F232495}.Release|x86.ActiveCfg = Release|Any CPU
		{27469D9B-847F-4455-B376-760F5F232495}.Release|x86.Build.0 = Release|Any CPU
		{113A9F54-08BE-45E1-8EE9-A2D93845EB47}.Debug|Any CPU.ActiveCfg = Debug|Any CPU
		{113A9F54-08BE-45E1-8EE9-A2D93845EB47}.Debug|Any CPU.Build.0 = Debug|Any CPU
		{113A9F54-08BE-45E1-8EE9-A2D93845EB47}.Debug|x64.ActiveCfg = Debug|Any CPU
		{113A9F54-08BE-45E1-8EE9-A2D93845EB47}.Debug|x64.Build.0 = Debug|Any CPU
		{113A9F54-08BE-45E1-8EE9-A2D93845EB47}.Debug|x86.ActiveCfg = Debug|Any CPU
		{113A9F54-08BE-45E1-8EE9-A2D93845EB47}.Debug|x86.Build.0 = Debug|Any CPU
		{113A9F54-08BE-45E1-8EE9-A2D93845EB47}.Release|Any CPU.ActiveCfg = Release|Any CPU
		{113A9F54-08BE-45E1-8EE9-A2D93845EB47}.Release|Any CPU.Build.0 = Release|Any CPU
		{113A9F54-08BE-45E1-8EE9-A2D93845EB47}.Release|x64.ActiveCfg = Release|Any CPU
		{113A9F54-08BE-45E1-8EE9-A2D93845EB47}.Release|x64.Build.0 = Release|Any CPU
		{113A9F54-08BE-45E1-8EE9-A2D93845EB47}.Release|x86.ActiveCfg = Release|Any CPU
		{113A9F54-08BE-45E1-8EE9-A2D93845EB47}.Release|x86.Build.0 = Release|Any CPU
	EndGlobalSection
	GlobalSection(SolutionProperties) = preSolution
		HideSolutionNode = FALSE
	EndGlobalSection
	GlobalSection(NestedProjects) = preSolution
		{C196BB77-231D-4019-BC85-DAF1568F25B3} = {827E0CD3-B72D-47B6-A68D-7590B98EB39B}
		{33A227EA-1593-4ACC-99A1-283BE0655035} = {827E0CD3-B72D-47B6-A68D-7590B98EB39B}
		{5F37F0C9-44F6-440B-AFC7-B2E5A43557E6} = {827E0CD3-B72D-47B6-A68D-7590B98EB39B}
		{D0781F99-0F20-481C-8191-ABFCD58C94DF} = {827E0CD3-B72D-47B6-A68D-7590B98EB39B}
		{B05AB406-8B29-4B7D-8642-A0603121E1B3} = {827E0CD3-B72D-47B6-A68D-7590B98EB39B}
		{D187F392-2E4E-468F-9E4D-9875B3AF1B51} = {0AB3BF05-4346-4AA6-1389-037BE0695223}
		{27469D9B-847F-4455-B376-760F5F232495} = {0AB3BF05-4346-4AA6-1389-037BE0695223}
		{113A9F54-08BE-45E1-8EE9-A2D93845EB47} = {0AB3BF05-4346-4AA6-1389-037BE0695223}
	EndGlobalSection
EndGlobal
